
Microsoft Visual Studio Solution File, Format Version 12.00
# Visual Studio Version 17
VisualStudioVersion = 17.11.35303.130
MinimumVisualStudioVersion = 10.0.40219.1
Project("{2150E333-8FDC-42A3-9474-1A3956D46DE8}") = "Task0", "Task0", "{6693C556-8B2C-4B68-9D82-86CAD3FA61FE}"
EndProject
Project("{9A19103F-16F7-4668-BE54-9A1E7A4F7556}") = "Tyuiu.NedelkinFA.Sprint3.Task0.V6", "Tyuiu.NedelkinFA.Sprint3.Task0.V6\Tyuiu.NedelkinFA.Sprint3.Task0.V6.csproj", "{BA7D658E-4156-4E45-89B1-8E515DE08AB5}"
EndProject
Project("{9A19103F-16F7-4668-BE54-9A1E7A4F7556}") = "Tyuiu.NedelkinFA.Sprint3.Task0.V6.Lib", "Tyuiu.NedelkinFA.Sprint3.Task0.V6.Lib\Tyuiu.NedelkinFA.Sprint3.Task0.V6.Lib.csproj", "{A259E39A-54F7-49EF-9E1A-1B64711A9C97}"
EndProject
Project("{9A19103F-16F7-4668-BE54-9A1E7A4F7556}") = "Tyuiu.NedelkinFA.Sprint3.Task0.V6.Test", "Tyuiu.NedelkinFA.Sprint3.Task0.V6.Test\Tyuiu.NedelkinFA.Sprint3.Task0.V6.Test.csproj", "{1BD8679B-3472-47AB-9033-7E9DD4B136F8}"
EndProject
Project("{2150E333-8FDC-42A3-9474-1A3956D46DE8}") = "Task1", "Task1", "{0AFDD660-C7F8-408B-B42B-E70D85701C5F}"
EndProject
Project("{9A19103F-16F7-4668-BE54-9A1E7A4F7556}") = "Tyuiu.NedelkinFA.Sprint3.Task1.V8", "Tyuiu.NedelkinFA.Sprint3.Task1.V8\Tyuiu.NedelkinFA.Sprint3.Task1.V8.csproj", "{9DF0004E-B91F-400A-80E7-E3AD5F2783A7}"
EndProject
Project("{9A19103F-16F7-4668-BE54-9A1E7A4F7556}") = "Tyuiu.NedelkinFA.Sprint3.Task1.V8.Lib", "Tyuiu.NedelkinFA.Sprint3.Task1.V8.Lib\Tyuiu.NedelkinFA.Sprint3.Task1.V8.Lib.csproj", "{FD2E3566-3DC9-49B7-9611-36FE5B22FE55}"
EndProject
Project("{9A19103F-16F7-4668-BE54-9A1E7A4F7556}") = "Tyuiu.NedelkinFA.Sprint3.Task1.V8.Test", "Tyuiu.NedelkinFA.Sprint3.Task1.V8.Test\Tyuiu.NedelkinFA.Sprint3.Task1.V8.Test.csproj", "{B4E3535A-70A5-49F4-A94D-D5826FD20D27}"
EndProject
Project("{2150E333-8FDC-42A3-9474-1A3956D46DE8}") = "Task2", "Task2", "{BDB114FB-1C32-4DA2-8CF0-78B1EA520BEB}"
EndProject
Project("{9A19103F-16F7-4668-BE54-9A1E7A4F7556}") = "Tyuiu.NedelkinFA.Sprint3.Task2.V28", "Tyuiu.NedelkinFA.Sprint3.Task2.V28\Tyuiu.NedelkinFA.Sprint3.Task2.V28.csproj", "{8AC5A76E-AC30-4A0F-8053-DA5499749DAF}"
EndProject
Project("{9A19103F-16F7-4668-BE54-9A1E7A4F7556}") = "Tyuiu.NedelkinFA.Sprint3.Task2.V28.Lib", "Tyuiu.NedelkinFA.Sprint3.Task2.V28.Lib\Tyuiu.NedelkinFA.Sprint3.Task2.V28.Lib.csproj", "{B2AB90DE-B3BB-4FD3-B426-45B7913B994D}"
EndProject
Project("{9A19103F-16F7-4668-BE54-9A1E7A4F7556}") = "Tyuiu.NedelkinFA.Sprint3.Task2.V28.Test", "Tyuiu.NedelkinFA.Sprint3.Task2.V28.Test\Tyuiu.NedelkinFA.Sprint3.Task2.V28.Test.csproj", "{BB4A9A26-7DFC-482F-97A9-519E83711059}"
EndProject
Project("{2150E333-8FDC-42A3-9474-1A3956D46DE8}") = "Task3", "Task3", "{13CBF3F5-8F1B-45C0-8935-8DCAD621048F}"
EndProject
Project("{9A19103F-16F7-4668-BE54-9A1E7A4F7556}") = "Tyuiu.NedelkinFA.Sprint3.Task3.V17", "Tyuiu.NedelkinFA.Sprint3.Task3.V17\Tyuiu.NedelkinFA.Sprint3.Task3.V17.csproj", "{B44322BD-E70F-4136-8139-980053541B99}"
EndProject
Project("{9A19103F-16F7-4668-BE54-9A1E7A4F7556}") = "Tyuiu.NedelkinFA.Sprint3.Task3.V17.Lib", "Tyuiu.NedelkinFA.Sprint3.Task3.V17.Lib\Tyuiu.NedelkinFA.Sprint3.Task3.V17.Lib.csproj", "{0B6991F2-C5AB-4D30-94F8-3D76691D2722}"
EndProject
Project("{9A19103F-16F7-4668-BE54-9A1E7A4F7556}") = "Tyuiu.NedelkinFA.Sprint3.Task3.V17.Test", "Tyuiu.NedelkinFA.Sprint3.Task3.V17.Test\Tyuiu.NedelkinFA.Sprint3.Task3.V17.Test.csproj", "{A90124F5-60AD-44F4-A0D4-5602428D9B62}"
EndProject
Project("{2150E333-8FDC-42A3-9474-1A3956D46DE8}") = "Task4", "Task4", "{F97450CC-8D3F-4962-B5DC-64871819D208}"
EndProject
Project("{9A19103F-16F7-4668-BE54-9A1E7A4F7556}") = "Tyuiu.NedelkinFA.Sprint3.Task4.V22", "Tyuiu.NedelkinFA.Sprint3.Task4.V22\Tyuiu.NedelkinFA.Sprint3.Task4.V22.csproj", "{13530F7D-5990-4EB9-87BB-7A19EDCC6257}"
EndProject
Project("{9A19103F-16F7-4668-BE54-9A1E7A4F7556}") = "Tyuiu.NedelkinFA.Sprint3.Task4.V22.Lib", "Tyuiu.NedelkinFA.Sprint3.Task4.V22.Lib\Tyuiu.NedelkinFA.Sprint3.Task4.V22.Lib.csproj", "{AB820ED0-DABC-44C2-A505-03B2EF0DBA47}"
EndProject
Project("{9A19103F-16F7-4668-BE54-9A1E7A4F7556}") = "Tyuiu.NedelkinFA.Sprint3.Task4.V22.Test", "Tyuiu.NedelkinFA.Sprint3.Task4.V22.Test\Tyuiu.NedelkinFA.Sprint3.Task4.V22.Test.csproj", "{5AE67425-4834-4334-84D2-E90753DB3844}"
EndProject
Project("{2150E333-8FDC-42A3-9474-1A3956D46DE8}") = "Task5", "Task5", "{B96A7117-9647-451B-9D73-E053E97CD4C7}"
EndProject
Project("{9A19103F-16F7-4668-BE54-9A1E7A4F7556}") = "Tyuiu.NedelkinFA.Sprint3.Task5.V14", "Tyuiu.NedelkinFA.Sprint3.Task5.V14\Tyuiu.NedelkinFA.Sprint3.Task5.V14.csproj", "{D1110A44-AB01-481E-B0F4-8BE84A03AFDC}"
EndProject
Project("{9A19103F-16F7-4668-BE54-9A1E7A4F7556}") = "Tyuiu.NedelkinFA.Sprint3.Task5.V14.Lib", "Tyuiu.NedelkinFA.Sprint3.Task5.V14.Lib\Tyuiu.NedelkinFA.Sprint3.Task5.V14.Lib.csproj", "{407D3AB0-E179-4446-AB00-4D7AA3F74686}"
EndProject
Project("{9A19103F-16F7-4668-BE54-9A1E7A4F7556}") = "Tyuiu.NedelkinFA.Sprint3.Task5.V14.Test", "Tyuiu.NedelkinFA.Sprint3.Task5.V14.Test\Tyuiu.NedelkinFA.Sprint3.Task5.V14.Test.csproj", "{662A38F9-E357-4252-803D-D6479FD29F37}"
EndProject
Project("{2150E333-8FDC-42A3-9474-1A3956D46DE8}") = "Task6", "Task6", "{C5F5B8EE-2647-4862-80BD-54E288009F73}"
EndProject
Project("{9A19103F-16F7-4668-BE54-9A1E7A4F7556}") = "Tyuiu.NedelkinFA.Sprint3.Task6.V10", "Tyuiu.NedelkinFA.Sprint3.Task6.V10\Tyuiu.NedelkinFA.Sprint3.Task6.V10.csproj", "{41DFA0E8-050D-45A8-AE4A-5F503B6DF6B9}"
EndProject
Project("{9A19103F-16F7-4668-BE54-9A1E7A4F7556}") = "Tyuiu.NedelkinFA.Sprint3.Task6.V10.Lib", "Tyuiu.NedelkinFA.Sprint3.Task6.V10.Lib\Tyuiu.NedelkinFA.Sprint3.Task6.V10.Lib.csproj", "{AA0C5E12-D696-49D1-A041-CEC2DE270716}"
EndProject
Project("{9A19103F-16F7-4668-BE54-9A1E7A4F7556}") = "Tyuiu.NedelkinFA.Sprint3.Task6.V10.Test", "Tyuiu.NedelkinFA.Sprint3.Task6.V10.Test\Tyuiu.NedelkinFA.Sprint3.Task6.V10.Test.csproj", "{2EEB88F4-778C-4D70-999A-A344CAD9825F}"
EndProject
Project("{2150E333-8FDC-42A3-9474-1A3956D46DE8}") = "Task7", "Task7", "{6B7ADFA6-607A-46BB-B50B-E7FD36A62B0A}"
EndProject
Project("{FAE04EC0-301F-11D3-BF4B-00C04F79EFBC}") = "Tyuiu.NedelkinFA.Sprint3.Task7.V7", "Tyuiu.NedelkinFA.Sprint3.Task7.V7\Tyuiu.NedelkinFA.Sprint3.Task7.V7.csproj", "{CFED0B4C-A1A3-4B96-B7C7-714D81F40A13}"
EndProject
Project("{FAE04EC0-301F-11D3-BF4B-00C04F79EFBC}") = "Tyuiu.NedelkinFA.Sprint3.Task7.V7.Lib", "Tyuiu.NedelkinFA.Sprint3.Task7.V7.Lib\Tyuiu.NedelkinFA.Sprint3.Task7.V7.Lib.csproj", "{A6B277CF-51E8-43B5-98B6-922091B9A7F4}"
EndProject
Project("{FAE04EC0-301F-11D3-BF4B-00C04F79EFBC}") = "Tyuiu.NedelkinFA.Sprint3.Task7.V7.Test", "Tyuiu.NedelkinFA.Sprint3.Task7.V7.Test\Tyuiu.NedelkinFA.Sprint3.Task7.V7.Test.csproj", "{1B26F421-18FD-4B92-982D-E87F13E46BD2}"
EndProject
Global
	GlobalSection(SolutionConfigurationPlatforms) = preSolution
		Debug|Any CPU = Debug|Any CPU
		Release|Any CPU = Release|Any CPU
	EndGlobalSection
	GlobalSection(ProjectConfigurationPlatforms) = postSolution
		{BA7D658E-4156-4E45-89B1-8E515DE08AB5}.Debug|Any CPU.ActiveCfg = Debug|Any CPU
		{BA7D658E-4156-4E45-89B1-8E515DE08AB5}.Debug|Any CPU.Build.0 = Debug|Any CPU
		{BA7D658E-4156-4E45-89B1-8E515DE08AB5}.Release|Any CPU.ActiveCfg = Release|Any CPU
		{BA7D658E-4156-4E45-89B1-8E515DE08AB5}.Release|Any CPU.Build.0 = Release|Any CPU
		{A259E39A-54F7-49EF-9E1A-1B64711A9C97}.Debug|Any CPU.ActiveCfg = Debug|Any CPU
		{A259E39A-54F7-49EF-9E1A-1B64711A9C97}.Debug|Any CPU.Build.0 = Debug|Any CPU
		{A259E39A-54F7-49EF-9E1A-1B64711A9C97}.Release|Any CPU.ActiveCfg = Release|Any CPU
		{A259E39A-54F7-49EF-9E1A-1B64711A9C97}.Release|Any CPU.Build.0 = Release|Any CPU
		{1BD8679B-3472-47AB-9033-7E9DD4B136F8}.Debug|Any CPU.ActiveCfg = Debug|Any CPU
		{1BD8679B-3472-47AB-9033-7E9DD4B136F8}.Debug|Any CPU.Build.0 = Debug|Any CPU
		{1BD8679B-3472-47AB-9033-7E9DD4B136F8}.Release|Any CPU.ActiveCfg = Release|Any CPU
		{1BD8679B-3472-47AB-9033-7E9DD4B136F8}.Release|Any CPU.Build.0 = Release|Any CPU
		{9DF0004E-B91F-400A-80E7-E3AD5F2783A7}.Debug|Any CPU.ActiveCfg = Debug|Any CPU
		{9DF0004E-B91F-400A-80E7-E3AD5F2783A7}.Debug|Any CPU.Build.0 = Debug|Any CPU
		{9DF0004E-B91F-400A-80E7-E3AD5F2783A7}.Release|Any CPU.ActiveCfg = Release|Any CPU
		{9DF0004E-B91F-400A-80E7-E3AD5F2783A7}.Release|Any CPU.Build.0 = Release|Any CPU
		{FD2E3566-3DC9-49B7-9611-36FE5B22FE55}.Debug|Any CPU.ActiveCfg = Debug|Any CPU
		{FD2E3566-3DC9-49B7-9611-36FE5B22FE55}.Debug|Any CPU.Build.0 = Debug|Any CPU
		{FD2E3566-3DC9-49B7-9611-36FE5B22FE55}.Release|Any CPU.ActiveCfg = Release|Any CPU
		{FD2E3566-3DC9-49B7-9611-36FE5B22FE55}.Release|Any CPU.Build.0 = Release|Any CPU
		{B4E3535A-70A5-49F4-A94D-D5826FD20D27}.Debug|Any CPU.ActiveCfg = Debug|Any CPU
		{B4E3535A-70A5-49F4-A94D-D5826FD20D27}.Debug|Any CPU.Build.0 = Debug|Any CPU
		{B4E3535A-70A5-49F4-A94D-D5826FD20D27}.Release|Any CPU.ActiveCfg = Release|Any CPU
		{B4E3535A-70A5-49F4-A94D-D5826FD20D27}.Release|Any CPU.Build.0 = Release|Any CPU
		{8AC5A76E-AC30-4A0F-8053-DA5499749DAF}.Debug|Any CPU.ActiveCfg = Debug|Any CPU
		{8AC5A76E-AC30-4A0F-8053-DA5499749DAF}.Debug|Any CPU.Build.0 = Debug|Any CPU
		{8AC5A76E-AC30-4A0F-8053-DA5499749DAF}.Release|Any CPU.ActiveCfg = Release|Any CPU
		{8AC5A76E-AC30-4A0F-8053-DA5499749DAF}.Release|Any CPU.Build.0 = Release|Any CPU
		{B2AB90DE-B3BB-4FD3-B426-45B7913B994D}.Debug|Any CPU.ActiveCfg = Debug|Any CPU
		{B2AB90DE-B3BB-4FD3-B426-45B7913B994D}.Debug|Any CPU.Build.0 = Debug|Any CPU
		{B2AB90DE-B3BB-4FD3-B426-45B7913B994D}.Release|Any CPU.ActiveCfg = Release|Any CPU
		{B2AB90DE-B3BB-4FD3-B426-45B7913B994D}.Release|Any CPU.Build.0 = Release|Any CPU
		{BB4A9A26-7DFC-482F-97A9-519E83711059}.Debug|Any CPU.ActiveCfg = Debug|Any CPU
		{BB4A9A26-7DFC-482F-97A9-519E83711059}.Debug|Any CPU.Build.0 = Debug|Any CPU
		{BB4A9A26-7DFC-482F-97A9-519E83711059}.Release|Any CPU.ActiveCfg = Release|Any CPU
		{BB4A9A26-7DFC-482F-97A9-519E83711059}.Release|Any CPU.Build.0 = Release|Any CPU
		{B44322BD-E70F-4136-8139-980053541B99}.Debug|Any CPU.ActiveCfg = Debug|Any CPU
		{B44322BD-E70F-4136-8139-980053541B99}.Debug|Any CPU.Build.0 = Debug|Any CPU
		{B44322BD-E70F-4136-8139-980053541B99}.Release|Any CPU.ActiveCfg = Release|Any CPU
		{B44322BD-E70F-4136-8139-980053541B99}.Release|Any CPU.Build.0 = Release|Any CPU
		{0B6991F2-C5AB-4D30-94F8-3D76691D2722}.Debug|Any CPU.ActiveCfg = Debug|Any CPU
		{0B6991F2-C5AB-4D30-94F8-3D76691D2722}.Debug|Any CPU.Build.0 = Debug|Any CPU
		{0B6991F2-C5AB-4D30-94F8-3D76691D2722}.Release|Any CPU.ActiveCfg = Release|Any CPU
		{0B6991F2-C5AB-4D30-94F8-3D76691D2722}.Release|Any CPU.Build.0 = Release|Any CPU
		{A90124F5-60AD-44F4-A0D4-5602428D9B62}.Debug|Any CPU.ActiveCfg = Debug|Any CPU
		{A90124F5-60AD-44F4-A0D4-5602428D9B62}.Debug|Any CPU.Build.0 = Debug|Any CPU
		{A90124F5-60AD-44F4-A0D4-5602428D9B62}.Release|Any CPU.ActiveCfg = Release|Any CPU
		{A90124F5-60AD-44F4-A0D4-5602428D9B62}.Release|Any CPU.Build.0 = Release|Any CPU
		{13530F7D-5990-4EB9-87BB-7A19EDCC6257}.Debug|Any CPU.ActiveCfg = Debug|Any CPU
		{13530F7D-5990-4EB9-87BB-7A19EDCC6257}.Debug|Any CPU.Build.0 = Debug|Any CPU
		{13530F7D-5990-4EB9-87BB-7A19EDCC6257}.Release|Any CPU.ActiveCfg = Release|Any CPU
		{13530F7D-5990-4EB9-87BB-7A19EDCC6257}.Release|Any CPU.Build.0 = Release|Any CPU
		{AB820ED0-DABC-44C2-A505-03B2EF0DBA47}.Debug|Any CPU.ActiveCfg = Debug|Any CPU
		{AB820ED0-DABC-44C2-A505-03B2EF0DBA47}.Debug|Any CPU.Build.0 = Debug|Any CPU
		{AB820ED0-DABC-44C2-A505-03B2EF0DBA47}.Release|Any CPU.ActiveCfg = Release|Any CPU
		{AB820ED0-DABC-44C2-A505-03B2EF0DBA47}.Release|Any CPU.Build.0 = Release|Any CPU
		{5AE67425-4834-4334-84D2-E90753DB3844}.Debug|Any CPU.ActiveCfg = Debug|Any CPU
		{5AE67425-4834-4334-84D2-E90753DB3844}.Debug|Any CPU.Build.0 = Debug|Any CPU
		{5AE67425-4834-4334-84D2-E90753DB3844}.Release|Any CPU.ActiveCfg = Release|Any CPU
		{5AE67425-4834-4334-84D2-E90753DB3844}.Release|Any CPU.Build.0 = Release|Any CPU
		{D1110A44-AB01-481E-B0F4-8BE84A03AFDC}.Debug|Any CPU.ActiveCfg = Debug|Any CPU
		{D1110A44-AB01-481E-B0F4-8BE84A03AFDC}.Debug|Any CPU.Build.0 = Debug|Any CPU
		{D1110A44-AB01-481E-B0F4-8BE84A03AFDC}.Release|Any CPU.ActiveCfg = Release|Any CPU
		{D1110A44-AB01-481E-B0F4-8BE84A03AFDC}.Release|Any CPU.Build.0 = Release|Any CPU
		{407D3AB0-E179-4446-AB00-4D7AA3F74686}.Debug|Any CPU.ActiveCfg = Debug|Any CPU
		{407D3AB0-E179-4446-AB00-4D7AA3F74686}.Debug|Any CPU.Build.0 = Debug|Any CPU
		{407D3AB0-E179-4446-AB00-4D7AA3F74686}.Release|Any CPU.ActiveCfg = Release|Any CPU
		{407D3AB0-E179-4446-AB00-4D7AA3F74686}.Release|Any CPU.Build.0 = Release|Any CPU
		{662A38F9-E357-4252-803D-D6479FD29F37}.Debug|Any CPU.ActiveCfg = Debug|Any CPU
		{662A38F9-E357-4252-803D-D6479FD29F37}.Debug|Any CPU.Build.0 = Debug|Any CPU
		{662A38F9-E357-4252-803D-D6479FD29F37}.Release|Any CPU.ActiveCfg = Release|Any CPU
		{662A38F9-E357-4252-803D-D6479FD29F37}.Release|Any CPU.Build.0 = Release|Any CPU
		{41DFA0E8-050D-45A8-AE4A-5F503B6DF6B9}.Debug|Any CPU.ActiveCfg = Debug|Any CPU
		{41DFA0E8-050D-45A8-AE4A-5F503B6DF6B9}.Debug|Any CPU.Build.0 = Debug|Any CPU
		{41DFA0E8-050D-45A8-AE4A-5F503B6DF6B9}.Release|Any CPU.ActiveCfg = Release|Any CPU
		{41DFA0E8-050D-45A8-AE4A-5F503B6DF6B9}.Release|Any CPU.Build.0 = Release|Any CPU
		{AA0C5E12-D696-49D1-A041-CEC2DE270716}.Debug|Any CPU.ActiveCfg = Debug|Any CPU
		{AA0C5E12-D696-49D1-A041-CEC2DE270716}.Debug|Any CPU.Build.0 = Debug|Any CPU
		{AA0C5E12-D696-49D1-A041-CEC2DE270716}.Release|Any CPU.ActiveCfg = Release|Any CPU
		{AA0C5E12-D696-49D1-A041-CEC2DE270716}.Release|Any CPU.Build.0 = Release|Any CPU
		{2EEB88F4-778C-4D70-999A-A344CAD9825F}.Debug|Any CPU.ActiveCfg = Debug|Any CPU
		{2EEB88F4-778C-4D70-999A-A344CAD9825F}.Debug|Any CPU.Build.0 = Debug|Any CPU
		{2EEB88F4-778C-4D70-999A-A344CAD9825F}.Release|Any CPU.ActiveCfg = Release|Any CPU
		{2EEB88F4-778C-4D70-999A-A344CAD9825F}.Release|Any CPU.Build.0 = Release|Any CPU
		{CFED0B4C-A1A3-4B96-B7C7-714D81F40A13}.Debug|Any CPU.ActiveCfg = Debug|Any CPU
		{CFED0B4C-A1A3-4B96-B7C7-714D81F40A13}.Debug|Any CPU.Build.0 = Debug|Any CPU
		{CFED0B4C-A1A3-4B96-B7C7-714D81F40A13}.Release|Any CPU.ActiveCfg = Release|Any CPU
		{CFED0B4C-A1A3-4B96-B7C7-714D81F40A13}.Release|Any CPU.Build.0 = Release|Any CPU
		{A6B277CF-51E8-43B5-98B6-922091B9A7F4}.Debug|Any CPU.ActiveCfg = Debug|Any CPU
		{A6B277CF-51E8-43B5-98B6-922091B9A7F4}.Debug|Any CPU.Build.0 = Debug|Any CPU
		{A6B277CF-51E8-43B5-98B6-922091B9A7F4}.Release|Any CPU.ActiveCfg = Release|Any CPU
		{A6B277CF-51E8-43B5-98B6-922091B9A7F4}.Release|Any CPU.Build.0 = Release|Any CPU
		{1B26F421-18FD-4B92-982D-E87F13E46BD2}.Debug|Any CPU.ActiveCfg = Debug|Any CPU
		{1B26F421-18FD-4B92-982D-E87F13E46BD2}.Debug|Any CPU.Build.0 = Debug|Any CPU
		{1B26F421-18FD-4B92-982D-E87F13E46BD2}.Release|Any CPU.ActiveCfg = Release|Any CPU
		{1B26F421-18FD-4B92-982D-E87F13E46BD2}.Release|Any CPU.Build.0 = Release|Any CPU
	EndGlobalSection
	GlobalSection(SolutionProperties) = preSolution
		HideSolutionNode = FALSE
	EndGlobalSection
	GlobalSection(NestedProjects) = preSolution
		{BA7D658E-4156-4E45-89B1-8E515DE08AB5} = {6693C556-8B2C-4B68-9D82-86CAD3FA61FE}
		{A259E39A-54F7-49EF-9E1A-1B64711A9C97} = {6693C556-8B2C-4B68-9D82-86CAD3FA61FE}
		{1BD8679B-3472-47AB-9033-7E9DD4B136F8} = {6693C556-8B2C-4B68-9D82-86CAD3FA61FE}
		{9DF0004E-B91F-400A-80E7-E3AD5F2783A7} = {0AFDD660-C7F8-408B-B42B-E70D85701C5F}
		{FD2E3566-3DC9-49B7-9611-36FE5B22FE55} = {0AFDD660-C7F8-408B-B42B-E70D85701C5F}
		{B4E3535A-70A5-49F4-A94D-D5826FD20D27} = {0AFDD660-C7F8-408B-B42B-E70D85701C5F}
		{8AC5A76E-AC30-4A0F-8053-DA5499749DAF} = {BDB114FB-1C32-4DA2-8CF0-78B1EA520BEB}
		{B2AB90DE-B3BB-4FD3-B426-45B7913B994D} = {BDB114FB-1C32-4DA2-8CF0-78B1EA520BEB}
		{BB4A9A26-7DFC-482F-97A9-519E83711059} = {BDB114FB-1C32-4DA2-8CF0-78B1EA520BEB}
		{B44322BD-E70F-4136-8139-980053541B99} = {13CBF3F5-8F1B-45C0-8935-8DCAD621048F}
		{0B6991F2-C5AB-4D30-94F8-3D76691D2722} = {13CBF3F5-8F1B-45C0-8935-8DCAD621048F}
		{A90124F5-60AD-44F4-A0D4-5602428D9B62} = {13CBF3F5-8F1B-45C0-8935-8DCAD621048F}
		{13530F7D-5990-4EB9-87BB-7A19EDCC6257} = {F97450CC-8D3F-4962-B5DC-64871819D208}
		{AB820ED0-DABC-44C2-A505-03B2EF0DBA47} = {F97450CC-8D3F-4962-B5DC-64871819D208}
		{5AE67425-4834-4334-84D2-E90753DB3844} = {F97450CC-8D3F-4962-B5DC-64871819D208}
		{D1110A44-AB01-481E-B0F4-8BE84A03AFDC} = {B96A7117-9647-451B-9D73-E053E97CD4C7}
		{407D3AB0-E179-4446-AB00-4D7AA3F74686} = {B96A7117-9647-451B-9D73-E053E97CD4C7}
		{662A38F9-E357-4252-803D-D6479FD29F37} = {B96A7117-9647-451B-9D73-E053E97CD4C7}
		{41DFA0E8-050D-45A8-AE4A-5F503B6DF6B9} = {C5F5B8EE-2647-4862-80BD-54E288009F73}
		{AA0C5E12-D696-49D1-A041-CEC2DE270716} = {C5F5B8EE-2647-4862-80BD-54E288009F73}
		{2EEB88F4-778C-4D70-999A-A344CAD9825F} = {C5F5B8EE-2647-4862-80BD-54E288009F73}
		{CFED0B4C-A1A3-4B96-B7C7-714D81F40A13} = {6B7ADFA6-607A-46BB-B50B-E7FD36A62B0A}
		{A6B277CF-51E8-43B5-98B6-922091B9A7F4} = {6B7ADFA6-607A-46BB-B50B-E7FD36A62B0A}
		{1B26F421-18FD-4B92-982D-E87F13E46BD2} = {6B7ADFA6-607A-46BB-B50B-E7FD36A62B0A}
	EndGlobalSection
	GlobalSection(ExtensibilityGlobals) = postSolution
		SolutionGuid = {A4D5D8F7-5588-4B45-AC7B-01FC5F9B1D30}
	EndGlobalSection
EndGlobal
